
Microsoft Visual Studio Solution File, Format Version 12.00
# Visual Studio 15
VisualStudioVersion = 15.0.27004.2002
MinimumVisualStudioVersion = 10.0.40219.1
Project("{FAE04EC0-301F-11D3-BF4B-00C04F79EFBC}") = "HelloWorld", "HelloWorld\HelloWorld.csproj", "{E65351D8-27A1-44AA-B90A-E02EE41F92C0}"
EndProject
Project("{FAE04EC0-301F-11D3-BF4B-00C04F79EFBC}") = "WelcomeMessage", "WelcomeMessage\WelcomeMessage.csproj", "{6A96F8B1-26F2-413D-B059-2243AB8B06F7}"
EndProject
Project("{FAE04EC0-301F-11D3-BF4B-00C04F79EFBC}") = "NumberFun", "NumberFun\NumberFun.csproj", "{59C5C95D-3E5F-4D18-B77D-2FEA69063845}"
EndProject
Project("{FAE04EC0-301F-11D3-BF4B-00C04F79EFBC}") = "PickADoor", "PickADoor\PickADoor.csproj", "{B32DDC93-564F-4E5A-B485-76E2A538E297}"
EndProject
Project("{FAE04EC0-301F-11D3-BF4B-00C04F79EFBC}") = "PickADoor(1)", "PickADoor(1)\PickADoor(1).csproj", "{B2545BCF-D500-4ECE-90C8-0BF6840A0A6C}"
EndProject
Project("{FAE04EC0-301F-11D3-BF4B-00C04F79EFBC}") = "AgeProgram", "AgeProgram\AgeProgram.csproj", "{B041C4B2-810B-4231-948B-E5D495B1EB06}"
EndProject
Project("{FAE04EC0-301F-11D3-BF4B-00C04F79EFBC}") = "LoopyLoops", "LoopyLoops\LoopyLoops.csproj", "{9E1E3909-0B79-4443-8733-EDD0F1A26AF8}"
EndProject
Project("{FAE04EC0-301F-11D3-BF4B-00C04F79EFBC}") = "GuessMyNumber", "GuessMyNumber\GuessMyNumber.csproj", "{7DEDD0FC-871F-42D7-A88C-25EB7525D4BA}"
EndProject
Project("{FAE04EC0-301F-11D3-BF4B-00C04F79EFBC}") = "AreaCalculator", "AreaCalculator\AreaCalculator.csproj", "{D43EDA0F-A85B-46F6-B0CF-B92593A82D50}"
EndProject
Project("{FAE04EC0-301F-11D3-BF4B-00C04F79EFBC}") = "FizzBuzz", "FizzBuzz\FizzBuzz.csproj", "{42774C07-3482-4B2D-BCCA-2BA9345E217A}"
EndProject
Project("{FAE04EC0-301F-11D3-BF4B-00C04F79EFBC}") = "ScissorsPaperRock", "ScissorsPaperRock\ScissorsPaperRock.csproj", "{F995CE7E-1F53-4927-B4FD-A51606E6599F}"
EndProject
Project("{FAE04EC0-301F-11D3-BF4B-00C04F79EFBC}") = "Magic8-Ball", "Magic8-Ball\Magic8-Ball.csproj", "{AEC6C9F8-A28B-4ED3-8B0D-751246B64D90}"
EndProject
Project("{FAE04EC0-301F-11D3-BF4B-00C04F79EFBC}") = "InsultGenerator", "InsultGenerator\InsultGenerator.csproj", "{3B478CFD-DD70-4961-AF8E-15EBB4853A2A}"
EndProject
Project("{FAE04EC0-301F-11D3-BF4B-00C04F79EFBC}") = "BabyBlackJack", "BabyBlackJack\BabyBlackJack.csproj", "{3E3CD51D-6FBE-49E2-AFCB-6505B827C270}"
EndProject
Project("{FAE04EC0-301F-11D3-BF4B-00C04F79EFBC}") = "Person", "Person\Person.csproj", "{0B066FC6-8224-473C-B2B6-F6CA877738DE}"
EndProject
Global
	GlobalSection(SolutionConfigurationPlatforms) = preSolution
		Debug|Any CPU = Debug|Any CPU
		Release|Any CPU = Release|Any CPU
	EndGlobalSection
	GlobalSection(ProjectConfigurationPlatforms) = postSolution
		{E65351D8-27A1-44AA-B90A-E02EE41F92C0}.Debug|Any CPU.ActiveCfg = Debug|Any CPU
		{E65351D8-27A1-44AA-B90A-E02EE41F92C0}.Debug|Any CPU.Build.0 = Debug|Any CPU
		{E65351D8-27A1-44AA-B90A-E02EE41F92C0}.Release|Any CPU.ActiveCfg = Release|Any CPU
		{E65351D8-27A1-44AA-B90A-E02EE41F92C0}.Release|Any CPU.Build.0 = Release|Any CPU
		{6A96F8B1-26F2-413D-B059-2243AB8B06F7}.Debug|Any CPU.ActiveCfg = Debug|Any CPU
		{6A96F8B1-26F2-413D-B059-2243AB8B06F7}.Debug|Any CPU.Build.0 = Debug|Any CPU
		{6A96F8B1-26F2-413D-B059-2243AB8B06F7}.Release|Any CPU.ActiveCfg = Release|Any CPU
		{6A96F8B1-26F2-413D-B059-2243AB8B06F7}.Release|Any CPU.Build.0 = Release|Any CPU
		{59C5C95D-3E5F-4D18-B77D-2FEA69063845}.Debug|Any CPU.ActiveCfg = Debug|Any CPU
		{59C5C95D-3E5F-4D18-B77D-2FEA69063845}.Debug|Any CPU.Build.0 = Debug|Any CPU
		{59C5C95D-3E5F-4D18-B77D-2FEA69063845}.Release|Any CPU.ActiveCfg = Release|Any CPU
		{59C5C95D-3E5F-4D18-B77D-2FEA69063845}.Release|Any CPU.Build.0 = Release|Any CPU
		{B32DDC93-564F-4E5A-B485-76E2A538E297}.Debug|Any CPU.ActiveCfg = Debug|Any CPU
		{B32DDC93-564F-4E5A-B485-76E2A538E297}.Debug|Any CPU.Build.0 = Debug|Any CPU
		{B32DDC93-564F-4E5A-B485-76E2A538E297}.Release|Any CPU.ActiveCfg = Release|Any CPU
		{B32DDC93-564F-4E5A-B485-76E2A538E297}.Release|Any CPU.Build.0 = Release|Any CPU
		{B2545BCF-D500-4ECE-90C8-0BF6840A0A6C}.Debug|Any CPU.ActiveCfg = Debug|Any CPU
		{B2545BCF-D500-4ECE-90C8-0BF6840A0A6C}.Debug|Any CPU.Build.0 = Debug|Any CPU
		{B2545BCF-D500-4ECE-90C8-0BF6840A0A6C}.Release|Any CPU.ActiveCfg = Release|Any CPU
		{B2545BCF-D500-4ECE-90C8-0BF6840A0A6C}.Release|Any CPU.Build.0 = Release|Any CPU
		{B041C4B2-810B-4231-948B-E5D495B1EB06}.Debug|Any CPU.ActiveCfg = Debug|Any CPU
		{B041C4B2-810B-4231-948B-E5D495B1EB06}.Debug|Any CPU.Build.0 = Debug|Any CPU
		{B041C4B2-810B-4231-948B-E5D495B1EB06}.Release|Any CPU.ActiveCfg = Release|Any CPU
		{B041C4B2-810B-4231-948B-E5D495B1EB06}.Release|Any CPU.Build.0 = Release|Any CPU
		{9E1E3909-0B79-4443-8733-EDD0F1A26AF8}.Debug|Any CPU.ActiveCfg = Debug|Any CPU
		{9E1E3909-0B79-4443-8733-EDD0F1A26AF8}.Debug|Any CPU.Build.0 = Debug|Any CPU
		{9E1E3909-0B79-4443-8733-EDD0F1A26AF8}.Release|Any CPU.ActiveCfg = Release|Any CPU
		{9E1E3909-0B79-4443-8733-EDD0F1A26AF8}.Release|Any CPU.Build.0 = Release|Any CPU
		{7DEDD0FC-871F-42D7-A88C-25EB7525D4BA}.Debug|Any CPU.ActiveCfg = Debug|Any CPU
		{7DEDD0FC-871F-42D7-A88C-25EB7525D4BA}.Debug|Any CPU.Build.0 = Debug|Any CPU
		{7DEDD0FC-871F-42D7-A88C-25EB7525D4BA}.Release|Any CPU.ActiveCfg = Release|Any CPU
		{7DEDD0FC-871F-42D7-A88C-25EB7525D4BA}.Release|Any CPU.Build.0 = Release|Any CPU
		{D43EDA0F-A85B-46F6-B0CF-B92593A82D50}.Debug|Any CPU.ActiveCfg = Debug|Any CPU
		{D43EDA0F-A85B-46F6-B0CF-B92593A82D50}.Debug|Any CPU.Build.0 = Debug|Any CPU
		{D43EDA0F-A85B-46F6-B0CF-B92593A82D50}.Release|Any CPU.ActiveCfg = Release|Any CPU
		{D43EDA0F-A85B-46F6-B0CF-B92593A82D50}.Release|Any CPU.Build.0 = Release|Any CPU
		{42774C07-3482-4B2D-BCCA-2BA9345E217A}.Debug|Any CPU.ActiveCfg = Debug|Any CPU
		{42774C07-3482-4B2D-BCCA-2BA9345E217A}.Debug|Any CPU.Build.0 = Debug|Any CPU
		{42774C07-3482-4B2D-BCCA-2BA9345E217A}.Release|Any CPU.ActiveCfg = Release|Any CPU
		{42774C07-3482-4B2D-BCCA-2BA9345E217A}.Release|Any CPU.Build.0 = Release|Any CPU
		{F995CE7E-1F53-4927-B4FD-A51606E6599F}.Debug|Any CPU.ActiveCfg = Debug|Any CPU
		{F995CE7E-1F53-4927-B4FD-A51606E6599F}.Debug|Any CPU.Build.0 = Debug|Any CPU
		{F995CE7E-1F53-4927-B4FD-A51606E6599F}.Release|Any CPU.ActiveCfg = Release|Any CPU
		{F995CE7E-1F53-4927-B4FD-A51606E6599F}.Release|Any CPU.Build.0 = Release|Any CPU
		{AEC6C9F8-A28B-4ED3-8B0D-751246B64D90}.Debug|Any CPU.ActiveCfg = Debug|Any CPU
		{AEC6C9F8-A28B-4ED3-8B0D-751246B64D90}.Debug|Any CPU.Build.0 = Debug|Any CPU
		{AEC6C9F8-A28B-4ED3-8B0D-751246B64D90}.Release|Any CPU.ActiveCfg = Release|Any CPU
		{AEC6C9F8-A28B-4ED3-8B0D-751246B64D90}.Release|Any CPU.Build.0 = Release|Any CPU
		{3B478CFD-DD70-4961-AF8E-15EBB4853A2A}.Debug|Any CPU.ActiveCfg = Debug|Any CPU
		{3B478CFD-DD70-4961-AF8E-15EBB4853A2A}.Debug|Any CPU.Build.0 = Debug|Any CPU
		{3B478CFD-DD70-4961-AF8E-15EBB4853A2A}.Release|Any CPU.ActiveCfg = Release|Any CPU
		{3B478CFD-DD70-4961-AF8E-15EBB4853A2A}.Release|Any CPU.Build.0 = Release|Any CPU
		{3E3CD51D-6FBE-49E2-AFCB-6505B827C270}.Debug|Any CPU.ActiveCfg = Debug|Any CPU
		{3E3CD51D-6FBE-49E2-AFCB-6505B827C270}.Debug|Any CPU.Build.0 = Debug|Any CPU
		{3E3CD51D-6FBE-49E2-AFCB-6505B827C270}.Release|Any CPU.ActiveCfg = Release|Any CPU
		{3E3CD51D-6FBE-49E2-AFCB-6505B827C270}.Release|Any CPU.Build.0 = Release|Any CPU
		{0B066FC6-8224-473C-B2B6-F6CA877738DE}.Debug|Any CPU.ActiveCfg = Debug|Any CPU
		{0B066FC6-8224-473C-B2B6-F6CA877738DE}.Debug|Any CPU.Build.0 = Debug|Any CPU
		{0B066FC6-8224-473C-B2B6-F6CA877738DE}.Release|Any CPU.ActiveCfg = Release|Any CPU
		{0B066FC6-8224-473C-B2B6-F6CA877738DE}.Release|Any CPU.Build.0 = Release|Any CPU
	EndGlobalSection
	GlobalSection(SolutionProperties) = preSolution
		HideSolutionNode = FALSE
	EndGlobalSection
	GlobalSection(ExtensibilityGlobals) = postSolution
		SolutionGuid = {84BD031D-1BDE-49E6-903E-CD0BC607BA9A}
	EndGlobalSection
EndGlobal
